
Microsoft Visual Studio Solution File, Format Version 12.00
# Visual Studio Version 17
VisualStudioVersion = 17.8.34511.84
MinimumVisualStudioVersion = 10.0.40219.1
Project("{FAE04EC0-301F-11D3-BF4B-00C04F79EFBC}") = "VetPet+", "VetPet+\VetPet+.csproj", "{9607610D-B41A-427E-8523-43528D44CBED}"
EndProject
Global
	GlobalSection(SolutionConfigurationPlatforms) = preSolution
		Debug|Any CPU = Debug|Any CPU
		Release|Any CPU = Release|Any CPU
	EndGlobalSection
	GlobalSection(ProjectConfigurationPlatforms) = postSolution
		{9607610D-B41A-427E-8523-43528D44CBED}.Debug|Any CPU.ActiveCfg = Debug|Any CPU
		{9607610D-B41A-427E-8523-43528D44CBED}.Debug|Any CPU.Build.0 = Debug|Any CPU
		{9607610D-B41A-427E-8523-43528D44CBED}.Release|Any CPU.ActiveCfg = Release|Any CPU
		{9607610D-B41A-427E-8523-43528D44CBED}.Release|Any CPU.Build.0 = Release|Any CPU
	EndGlobalSection
	GlobalSection(SolutionProperties) = preSolution
		HideSolutionNode = FALSE
	EndGlobalSection
	GlobalSection(ExtensibilityGlobals) = postSolution
		SolutionGuid = {9807080A-A15A-450C-B0D6-BF4A81B56D35}
	EndGlobalSection
EndGlobal
